
Microsoft Visual Studio Solution File, Format Version 12.00
# Visual Studio Version 16
VisualStudioVersion = 16.0.31112.23
MinimumVisualStudioVersion = 10.0.40219.1
Project("{FAE04EC0-301F-11D3-BF4B-00C04F79EFBC}") = "Northwind.Business", "Northwind.Business\Northwind.Business.csproj", "{F7C84E0D-E60B-449F-9641-68F6974D118A}"
EndProject
Project("{FAE04EC0-301F-11D3-BF4B-00C04F79EFBC}") = "Northwind.DataAccess", "Northwind.DataAccess\Northwind.DataAccess.csproj", "{5538CB20-C2F2-4F7F-925E-E60FF63E72BD}"
EndProject
Project("{FAE04EC0-301F-11D3-BF4B-00C04F79EFBC}") = "Northwind.Entities", "Northwind.Entities\Northwind.Entities.csproj", "{B8D5CC3C-6151-417C-92EB-CD2B8FCDC335}"
EndProject
Project("{FAE04EC0-301F-11D3-BF4B-00C04F79EFBC}") = "Northwind.WebFormsUI", "Northwind.WebFormsUI\Northwind.WebFormsUI.csproj", "{91F96728-F192-481A-9264-90142D6A31BD}"
EndProject
Global
	GlobalSection(SolutionConfigurationPlatforms) = preSolution
		Debug|Any CPU = Debug|Any CPU
		Release|Any CPU = Release|Any CPU
	EndGlobalSection
	GlobalSection(ProjectConfigurationPlatforms) = postSolution
		{F7C84E0D-E60B-449F-9641-68F6974D118A}.Debug|Any CPU.ActiveCfg = Debug|Any CPU
		{F7C84E0D-E60B-449F-9641-68F6974D118A}.Debug|Any CPU.Build.0 = Debug|Any CPU
		{F7C84E0D-E60B-449F-9641-68F6974D118A}.Release|Any CPU.ActiveCfg = Release|Any CPU
		{F7C84E0D-E60B-449F-9641-68F6974D118A}.Release|Any CPU.Build.0 = Release|Any CPU
		{5538CB20-C2F2-4F7F-925E-E60FF63E72BD}.Debug|Any CPU.ActiveCfg = Debug|Any CPU
		{5538CB20-C2F2-4F7F-925E-E60FF63E72BD}.Debug|Any CPU.Build.0 = Debug|Any CPU
		{5538CB20-C2F2-4F7F-925E-E60FF63E72BD}.Release|Any CPU.ActiveCfg = Release|Any CPU
		{5538CB20-C2F2-4F7F-925E-E60FF63E72BD}.Release|Any CPU.Build.0 = Release|Any CPU
		{B8D5CC3C-6151-417C-92EB-CD2B8FCDC335}.Debug|Any CPU.ActiveCfg = Debug|Any CPU
		{B8D5CC3C-6151-417C-92EB-CD2B8FCDC335}.Debug|Any CPU.Build.0 = Debug|Any CPU
		{B8D5CC3C-6151-417C-92EB-CD2B8FCDC335}.Release|Any CPU.ActiveCfg = Release|Any CPU
		{B8D5CC3C-6151-417C-92EB-CD2B8FCDC335}.Release|Any CPU.Build.0 = Release|Any CPU
		{91F96728-F192-481A-9264-90142D6A31BD}.Debug|Any CPU.ActiveCfg = Debug|Any CPU
		{91F96728-F192-481A-9264-90142D6A31BD}.Debug|Any CPU.Build.0 = Debug|Any CPU
		{91F96728-F192-481A-9264-90142D6A31BD}.Release|Any CPU.ActiveCfg = Release|Any CPU
		{91F96728-F192-481A-9264-90142D6A31BD}.Release|Any CPU.Build.0 = Release|Any CPU
	EndGlobalSection
	GlobalSection(SolutionProperties) = preSolution
		HideSolutionNode = FALSE
	EndGlobalSection
	GlobalSection(ExtensibilityGlobals) = postSolution
		SolutionGuid = {B7E1AA6A-5BFB-48A3-8BD5-537E785B30EA}
	EndGlobalSection
EndGlobal
